# This file is automatically @generated by Poetry 2.1.3 and should not be changed by hand.

[[package]]
name = "experta"
version = "1.9.4"
description = "Expert Systems for Python"
optional = false
python-versions = "*"
groups = ["main"]
files = [
    {file = "experta-1.9.4-py3-none-any.whl", hash = "sha256:c83d78d17305d9df502d6c3f14259f3b909278f3dd99f2494c0b83791ebe13c9"},
    {file = "experta-1.9.4.tar.gz", hash = "sha256:7c6ea687043b138f4ac7d3a8aea92aa60c02035e350c105a6bc142203fedc109"},
]

[package.dependencies]
frozendict = "1.2"
schema = "0.6.7"

[[package]]
name = "frozendict"
version = "1.2"
description = "An immutable dictionary"
optional = false
python-versions = "*"
groups = ["main"]
files = [
    {file = "frozendict-1.2.tar.gz", hash = "sha256:774179f22db2ef8a106e9c38d4d1f8503864603db08de2e33be5b778230f6e45"},
]

[[package]]
name = "gunicorn"
version = "23.0.0"
description = "WSGI HTTP Server for UNIX"
optional = false
python-versions = ">=3.7"
groups = ["main"]
files = [
    {file = "gunicorn-23.0.0-py3-none-any.whl", hash = "sha256:ec400d38950de4dfd418cff8328b2c8faed0edb0d517d3394e457c317908ca4d"},
    {file = "gunicorn-23.0.0.tar.gz", hash = "sha256:f014447a0101dc57e294f6c18ca6b40227a4c90e9bdb586042628030cba004ec"},
]

[package.dependencies]
packaging = "*"

[package.extras]
eventlet = ["eventlet (>=0.24.1,!=0.36.0)"]
gevent = ["gevent (>=1.4.0)"]
setproctitle = ["setproctitle"]
testing = ["coverage", "eventlet", "gevent", "pytest", "pytest-cov"]
tornado = ["tornado (>=0.2)"]

[[package]]
name = "packaging"
version = "25.0"
description = "Core utilities for Python packages"
optional = false
python-versions = ">=3.8"
groups = ["main"]
files = [
    {file = "packaging-25.0-py3-none-any.whl", hash = "sha256:29572ef2b1f17581046b3a2227d5c611fb25ec70ca1ba8554b24b0e69331a484"},
    {file = "packaging-25.0.tar.gz", hash = "sha256:d443872c98d677bf60f6a1f2f8c1cb748e8fe762d2bf9d3148b5599295b0fc4f"},
]

[[package]]
name = "schema"
version = "0.6.7"
description = "Simple data validation library"
optional = false
python-versions = "*"
groups = ["main"]
files = [
    {file = "schema-0.6.7-py2.py3-none-any.whl", hash = "sha256:a058daf5d926e4ece9f13c4c2366a836143ca7913ef053c5023c569e00175b2a"},
    {file = "schema-0.6.7.tar.gz", hash = "sha256:410f44cb025384959d20deef00b4e1595397fa30959947a4f0d92e9c84616f35"},
]

[metadata]
lock-version = "2.1"
python-versions = ">=3.13"
content-hash = "d69307b3423feb8d4dd8258f1bcd0f6fe5156cf0f1da7fbfa193341a7db0dd28"
